
Microsoft Visual Studio Solution File, Format Version 12.00
# Visual Studio 15
VisualStudioVersion = 15.0.28010.2016
MinimumVisualStudioVersion = 10.0.40219.1
Project("{8BC9CEB8-8B4A-11D0-8D11-00A0C91BC942}") = "class_ugol", "ConsoleApplication1\ConsoleApplication1.vcxproj", "{42B6C2C7-E9DD-43B0-8F50-2D30CEA5AE55}"
EndProject
Project("{8BC9CEB8-8B4A-11D0-8D11-00A0C91BC942}") = "task-1", "task-1\task-1.vcxproj", "{42A3DF04-604B-45D0-9017-C2CF00568B48}"
EndProject
Project("{8BC9CEB8-8B4A-11D0-8D11-00A0C91BC942}") = "task-2", "task-2\task-2.vcxproj", "{37F0712C-B2F8-4D8C-B987-66408FFA15F1}"
EndProject
Project("{8BC9CEB8-8B4A-11D0-8D11-00A0C91BC942}") = "class-work", "class-work\class-work.vcxproj", "{D77DCE1F-D84F-4EC1-B8C9-472065BF223D}"
EndProject
Project("{8BC9CEB8-8B4A-11D0-8D11-00A0C91BC942}") = "Structure_as_type", "Structure_as_type\Structure_as_type.vcxproj", "{0B1D20BC-88EC-4A85-BF0E-997E8B8699BE}"
EndProject
Project("{8BC9CEB8-8B4A-11D0-8D11-00A0C91BC942}") = "tasks-informatika", "tasks-informatika\tasks-informatika.vcxproj", "{6C439BFB-96E6-446D-8CEF-60D5B203FA28}"
EndProject
Project("{8BC9CEB8-8B4A-11D0-8D11-00A0C91BC942}") = "kommiv", "kommiv\kommiv.vcxproj", "{E06F25BE-2D37-4989-87D5-3689DEAC46F0}"
EndProject
Global
	GlobalSection(SolutionConfigurationPlatforms) = preSolution
		Debug|x64 = Debug|x64
		Debug|x86 = Debug|x86
		Release|x64 = Release|x64
		Release|x86 = Release|x86
	EndGlobalSection
	GlobalSection(ProjectConfigurationPlatforms) = postSolution
		{42B6C2C7-E9DD-43B0-8F50-2D30CEA5AE55}.Debug|x64.ActiveCfg = Debug|x64
		{42B6C2C7-E9DD-43B0-8F50-2D30CEA5AE55}.Debug|x64.Build.0 = Debug|x64
		{42B6C2C7-E9DD-43B0-8F50-2D30CEA5AE55}.Debug|x86.ActiveCfg = Debug|Win32
		{42B6C2C7-E9DD-43B0-8F50-2D30CEA5AE55}.Debug|x86.Build.0 = Debug|Win32
		{42B6C2C7-E9DD-43B0-8F50-2D30CEA5AE55}.Release|x64.ActiveCfg = Release|x64
		{42B6C2C7-E9DD-43B0-8F50-2D30CEA5AE55}.Release|x64.Build.0 = Release|x64
		{42B6C2C7-E9DD-43B0-8F50-2D30CEA5AE55}.Release|x86.ActiveCfg = Release|Win32
		{42B6C2C7-E9DD-43B0-8F50-2D30CEA5AE55}.Release|x86.Build.0 = Release|Win32
		{42A3DF04-604B-45D0-9017-C2CF00568B48}.Debug|x64.ActiveCfg = Debug|x64
		{42A3DF04-604B-45D0-9017-C2CF00568B48}.Debug|x64.Build.0 = Debug|x64
		{42A3DF04-604B-45D0-9017-C2CF00568B48}.Debug|x86.ActiveCfg = Debug|Win32
		{42A3DF04-604B-45D0-9017-C2CF00568B48}.Debug|x86.Build.0 = Debug|Win32
		{42A3DF04-604B-45D0-9017-C2CF00568B48}.Release|x64.ActiveCfg = Release|x64
		{42A3DF04-604B-45D0-9017-C2CF00568B48}.Release|x64.Build.0 = Release|x64
		{42A3DF04-604B-45D0-9017-C2CF00568B48}.Release|x86.ActiveCfg = Release|Win32
		{42A3DF04-604B-45D0-9017-C2CF00568B48}.Release|x86.Build.0 = Release|Win32
		{37F0712C-B2F8-4D8C-B987-66408FFA15F1}.Debug|x64.ActiveCfg = Debug|x64
		{37F0712C-B2F8-4D8C-B987-66408FFA15F1}.Debug|x64.Build.0 = Debug|x64
		{37F0712C-B2F8-4D8C-B987-66408FFA15F1}.Debug|x86.ActiveCfg = Debug|Win32
		{37F0712C-B2F8-4D8C-B987-66408FFA15F1}.Debug|x86.Build.0 = Debug|Win32
		{37F0712C-B2F8-4D8C-B987-66408FFA15F1}.Release|x64.ActiveCfg = Release|x64
		{37F0712C-B2F8-4D8C-B987-66408FFA15F1}.Release|x64.Build.0 = Release|x64
		{37F0712C-B2F8-4D8C-B987-66408FFA15F1}.Release|x86.ActiveCfg = Release|Win32
		{37F0712C-B2F8-4D8C-B987-66408FFA15F1}.Release|x86.Build.0 = Release|Win32
		{D77DCE1F-D84F-4EC1-B8C9-472065BF223D}.Debug|x64.ActiveCfg = Debug|x64
		{D77DCE1F-D84F-4EC1-B8C9-472065BF223D}.Debug|x64.Build.0 = Debug|x64
		{D77DCE1F-D84F-4EC1-B8C9-472065BF223D}.Debug|x86.ActiveCfg = Debug|Win32
		{D77DCE1F-D84F-4EC1-B8C9-472065BF223D}.Debug|x86.Build.0 = Debug|Win32
		{D77DCE1F-D84F-4EC1-B8C9-472065BF223D}.Release|x64.ActiveCfg = Release|x64
		{D77DCE1F-D84F-4EC1-B8C9-472065BF223D}.Release|x64.Build.0 = Release|x64
		{D77DCE1F-D84F-4EC1-B8C9-472065BF223D}.Release|x86.ActiveCfg = Release|Win32
		{D77DCE1F-D84F-4EC1-B8C9-472065BF223D}.Release|x86.Build.0 = Release|Win32
		{0B1D20BC-88EC-4A85-BF0E-997E8B8699BE}.Debug|x64.ActiveCfg = Debug|x64
		{0B1D20BC-88EC-4A85-BF0E-997E8B8699BE}.Debug|x64.Build.0 = Debug|x64
		{0B1D20BC-88EC-4A85-BF0E-997E8B8699BE}.Debug|x86.ActiveCfg = Debug|Win32
		{0B1D20BC-88EC-4A85-BF0E-997E8B8699BE}.Debug|x86.Build.0 = Debug|Win32
		{0B1D20BC-88EC-4A85-BF0E-997E8B8699BE}.Release|x64.ActiveCfg = Release|x64
		{0B1D20BC-88EC-4A85-BF0E-997E8B8699BE}.Release|x64.Build.0 = Release|x64
		{0B1D20BC-88EC-4A85-BF0E-997E8B8699BE}.Release|x86.ActiveCfg = Release|Win32
		{0B1D20BC-88EC-4A85-BF0E-997E8B8699BE}.Release|x86.Build.0 = Release|Win32
		{6C439BFB-96E6-446D-8CEF-60D5B203FA28}.Debug|x64.ActiveCfg = Debug|x64
		{6C439BFB-96E6-446D-8CEF-60D5B203FA28}.Debug|x64.Build.0 = Debug|x64
		{6C439BFB-96E6-446D-8CEF-60D5B203FA28}.Debug|x86.ActiveCfg = Debug|Win32
		{6C439BFB-96E6-446D-8CEF-60D5B203FA28}.Debug|x86.Build.0 = Debug|Win32
		{6C439BFB-96E6-446D-8CEF-60D5B203FA28}.Release|x64.ActiveCfg = Release|x64
		{6C439BFB-96E6-446D-8CEF-60D5B203FA28}.Release|x64.Build.0 = Release|x64
		{6C439BFB-96E6-446D-8CEF-60D5B203FA28}.Release|x86.ActiveCfg = Release|Win32
		{6C439BFB-96E6-446D-8CEF-60D5B203FA28}.Release|x86.Build.0 = Release|Win32
		{E06F25BE-2D37-4989-87D5-3689DEAC46F0}.Debug|x64.ActiveCfg = Debug|x64
		{E06F25BE-2D37-4989-87D5-3689DEAC46F0}.Debug|x64.Build.0 = Debug|x64
		{E06F25BE-2D37-4989-87D5-3689DEAC46F0}.Debug|x86.ActiveCfg = Debug|Win32
		{E06F25BE-2D37-4989-87D5-3689DEAC46F0}.Debug|x86.Build.0 = Debug|Win32
		{E06F25BE-2D37-4989-87D5-3689DEAC46F0}.Release|x64.ActiveCfg = Release|x64
		{E06F25BE-2D37-4989-87D5-3689DEAC46F0}.Release|x64.Build.0 = Release|x64
		{E06F25BE-2D37-4989-87D5-3689DEAC46F0}.Release|x86.ActiveCfg = Release|Win32
		{E06F25BE-2D37-4989-87D5-3689DEAC46F0}.Release|x86.Build.0 = Release|Win32
	EndGlobalSection
	GlobalSection(SolutionProperties) = preSolution
		HideSolutionNode = FALSE
	EndGlobalSection
	GlobalSection(ExtensibilityGlobals) = postSolution
		SolutionGuid = {625496A0-D7E9-4112-8FE0-6ADF84F592A6}
	EndGlobalSection
EndGlobal
